
Microsoft Visual Studio Solution File, Format Version 12.00
# Visual Studio Version 17
VisualStudioVersion = 17.10.35027.167
MinimumVisualStudioVersion = 10.0.40219.1
Project("{FAE04EC0-301F-11D3-BF4B-00C04F79EFBC}") = "Contacts-Angular-App", "Contacts-Angular-App.csproj", "{B468D381-DCD6-4556-99C2-9EF84A2C9B1D}"
EndProject
Global
	GlobalSection(SolutionConfigurationPlatforms) = preSolution
		Debug|Any CPU = Debug|Any CPU
		Release|Any CPU = Release|Any CPU
	EndGlobalSection
	GlobalSection(ProjectConfigurationPlatforms) = postSolution
		{B468D381-DCD6-4556-99C2-9EF84A2C9B1D}.Debug|Any CPU.ActiveCfg = Debug|Any CPU
		{B468D381-DCD6-4556-99C2-9EF84A2C9B1D}.Debug|Any CPU.Build.0 = Debug|Any CPU
		{B468D381-DCD6-4556-99C2-9EF84A2C9B1D}.Release|Any CPU.ActiveCfg = Release|Any CPU
		{B468D381-DCD6-4556-99C2-9EF84A2C9B1D}.Release|Any CPU.Build.0 = Release|Any CPU
	EndGlobalSection
	GlobalSection(SolutionProperties) = preSolution
		HideSolutionNode = FALSE
	EndGlobalSection
	GlobalSection(ExtensibilityGlobals) = postSolution
		SolutionGuid = {9892208B-891F-47C5-87B5-FFC043D4DBDC}
	EndGlobalSection
EndGlobal
